# This file is automatically @generated by Cargo.
# It is not intended for manual editing.
version = 3

[[package]]
name = "abont"
version = "0.0.0"

[[package]]
name = "abont-api"
version = "0.0.0"

[[package]]
name = "abont-egui"
version = "0.0.0"

[[package]]
name = "abont-shell"
version = "0.0.0"
dependencies = [
 "abont-api",
]
